{
  "nodes": {
    "ereolenWrapper-flake": {
      "inputs": {
        "nixpkgs": "nixpkgs",
        "nixpkgs-master": "nixpkgs-master",
        "utils": "utils"
      },
      "locked": {
        "lastModified": 1675981507,
        "narHash": "sha256-9N0bQuh9CrADKta+mpEeQs/xp8T6YbjUpJu7p4HIbzU=",
        "owner": "xdHampus",
        "repo": "ereolenWrapper",
        "rev": "48444b905323e48ff8e7a183d64cd140af6ea6ee",
        "type": "github"
      },
      "original": {
        "owner": "xdHampus",
        "ref": "main",
        "repo": "ereolenWrapper",
        "type": "github"
      }
    },
    "nixpkgs": {
      "locked": {
        "lastModified": 1665723124,
        "narHash": "sha256-J1JY2cN0L+CNDSrGkNdbiTl2EFV8hpqqsDJFICsYSBw=",
        "owner": "NixOS",
        "repo": "nixpkgs",
        "rev": "31d567846255e122846548255101980162bbf641",
        "type": "github"
      },
      "original": {
        "owner": "NixOS",
        "ref": "nixpkgs-unstable",
        "repo": "nixpkgs",
        "type": "github"
      }
    },
    "nixpkgs-master": {
      "locked": {
        "lastModified": 1666362630,
        "narHash": "sha256-mIwAhiOuJ7XvTlXylIOmulvp1R4Ro+OYSsf2WATMLMc=",
        "owner": "NixOS",
        "repo": "nixpkgs",
        "rev": "45454cd8ede6df14a8ae3c645a2f09fa2ca6c0d4",
        "type": "github"
      },
      "original": {
        "owner": "NixOS",
        "ref": "master",
        "repo": "nixpkgs",
        "type": "github"
      }
    },
    "nixpkgs-master_2": {
      "locked": {
        "lastModified": 1674349424,
        "narHash": "sha256-QU/H7HGXXQ5S/UC+VeQ+cHP5zhVJRpO98gflRSJiY5I=",
        "owner": "NixOS",
        "repo": "nixpkgs",
        "rev": "91c11d19e7007d768dff5d74daf2e6d704aeeebf",
        "type": "github"
      },
      "original": {
        "owner": "NixOS",
        "ref": "master",
        "repo": "nixpkgs",
        "type": "github"
      }
    },
    "nixpkgs_2": {
      "locked": {
        "lastModified": 1674236650,
        "narHash": "sha256-B4GKL1YdJnII6DQNNJ4wDW1ySJVx2suB1h/v4Ql8J0Q=",
        "owner": "NixOS",
        "repo": "nixpkgs",
        "rev": "cfb43ad7b941d9c3606fb35d91228da7ebddbfc5",
        "type": "github"
      },
      "original": {
        "owner": "NixOS",
        "ref": "nixpkgs-unstable",
        "repo": "nixpkgs",
        "type": "github"
      }
    },
    "root": {
      "inputs": {
        "ereolenWrapper-flake": "ereolenWrapper-flake",
        "nixpkgs": "nixpkgs_2",
        "nixpkgs-master": "nixpkgs-master_2",
        "utils": "utils_2"
      }
    },
    "utils": {
      "locked": {
        "lastModified": 1652776076,
        "narHash": "sha256-gzTw/v1vj4dOVbpBSJX4J0DwUR6LIyXo7/SuuTJp1kM=",
        "owner": "numtide",
        "repo": "flake-utils",
        "rev": "04c1b180862888302ddfb2e3ad9eaa63afc60cf8",
        "type": "github"
      },
      "original": {
        "owner": "numtide",
        "repo": "flake-utils",
        "type": "github"
      }
    },
    "utils_2": {
      "locked": {
        "lastModified": 1667395993,
        "narHash": "sha256-nuEHfE/LcWyuSWnS8t12N1wc105Qtau+/OdUAjtQ0rA=",
        "owner": "numtide",
        "repo": "flake-utils",
        "rev": "5aed5285a952e0b949eb3ba02c12fa4fcfef535f",
        "type": "github"
      },
      "original": {
        "owner": "numtide",
        "repo": "flake-utils",
        "type": "github"
      }
    }
  },
  "root": "root",
  "version": 7
}
